<?xml version="1.0" encoding="utf-8"?>
<Project ToolsVersion="4.0" xmlns="http://schemas.microsoft.com/developer/msbuild/2003">
  <ItemGroup>
    <Filter Include="源文件">
      <UniqueIdentifier>{77b92ae8-98ff-42b1-945e-50d649878803}</UniqueIdentifier>
    </Filter>
    <Filter Include="生成的文件">
      <UniqueIdentifier>{ea4e5fd3-bbff-44a7-b6f8-49bb6c0b565a}</UniqueIdentifier>
      <SourceControlFiles>False</SourceControlFiles>
    </Filter>
  </ItemGroup>
  <ItemGroup>
    <None Include="LoaderRegKeyps.def" />
  </ItemGroup>
  <ItemGroup>
    <ClCompile Include="LoaderRegKey_i.c">
      <Filter>生成的文件</Filter>
    </ClCompile>
    <ClCompile Include="LoaderRegKey_p.c">
      <Filter>生成的文件</Filter>
    </ClCompile>
    <ClCompile Include="dlldata.c">
      <Filter>生成的文件</Filter>
    </ClCompile>
  </ItemGroup>
</Project>