
Microsoft Visual Studio Solution File, Format Version 12.00
# Visual Studio 14
VisualStudioVersion = 14.0.23107.0
MinimumVisualStudioVersion = 10.0.40219.1
Project("{FAE04EC0-301F-11D3-BF4B-00C04F79EFBC}") = "AnalysisExcelData", "AnalysisExcelData\AnalysisExcelData.csproj", "{7B79D883-98E9-4C97-827B-28C317AF2C22}"
EndProject
Project("{FAE04EC0-301F-11D3-BF4B-00C04F79EFBC}") = "Thrift", "..\Thrift\Thrift\Thrift.csproj", "{427C78D6-B374-4CF4-8AD8-75E5E746D20B}"
EndProject
Global
	GlobalSection(SolutionConfigurationPlatforms) = preSolution
		Debug|Any CPU = Debug|Any CPU
		Release|Any CPU = Release|Any CPU
	EndGlobalSection
	GlobalSection(ProjectConfigurationPlatforms) = postSolution
		{7B79D883-98E9-4C97-827B-28C317AF2C22}.Debug|Any CPU.ActiveCfg = Debug|Any CPU
		{7B79D883-98E9-4C97-827B-28C317AF2C22}.Debug|Any CPU.Build.0 = Debug|Any CPU
		{7B79D883-98E9-4C97-827B-28C317AF2C22}.Release|Any CPU.ActiveCfg = Release|Any CPU
		{7B79D883-98E9-4C97-827B-28C317AF2C22}.Release|Any CPU.Build.0 = Release|Any CPU
		{427C78D6-B374-4CF4-8AD8-75E5E746D20B}.Debug|Any CPU.ActiveCfg = Debug|Any CPU
		{427C78D6-B374-4CF4-8AD8-75E5E746D20B}.Debug|Any CPU.Build.0 = Debug|Any CPU
		{427C78D6-B374-4CF4-8AD8-75E5E746D20B}.Release|Any CPU.ActiveCfg = Release|Any CPU
		{427C78D6-B374-4CF4-8AD8-75E5E746D20B}.Release|Any CPU.Build.0 = Release|Any CPU
	EndGlobalSection
	GlobalSection(SolutionProperties) = preSolution
		HideSolutionNode = FALSE
	EndGlobalSection
EndGlobal
